
Microsoft Visual Studio Solution File, Format Version 12.00
# Visual Studio Version 17
VisualStudioVersion = 17.4.33122.133
MinimumVisualStudioVersion = 10.0.40219.1
Project("{FAE04EC0-301F-11D3-BF4B-00C04F79EFBC}") = "study_10_while_do while", "study_10_while_do while.csproj", "{21A103ED-BA69-406E-ADB4-5667DB81B289}"
EndProject
Global
	GlobalSection(SolutionConfigurationPlatforms) = preSolution
		Debug|Any CPU = Debug|Any CPU
		Release|Any CPU = Release|Any CPU
	EndGlobalSection
	GlobalSection(ProjectConfigurationPlatforms) = postSolution
		{21A103ED-BA69-406E-ADB4-5667DB81B289}.Debug|Any CPU.ActiveCfg = Debug|Any CPU
		{21A103ED-BA69-406E-ADB4-5667DB81B289}.Debug|Any CPU.Build.0 = Debug|Any CPU
		{21A103ED-BA69-406E-ADB4-5667DB81B289}.Release|Any CPU.ActiveCfg = Release|Any CPU
		{21A103ED-BA69-406E-ADB4-5667DB81B289}.Release|Any CPU.Build.0 = Release|Any CPU
	EndGlobalSection
	GlobalSection(SolutionProperties) = preSolution
		HideSolutionNode = FALSE
	EndGlobalSection
	GlobalSection(ExtensibilityGlobals) = postSolution
		SolutionGuid = {FC859E69-9D64-47AE-90C1-48CF32C4E11B}
	EndGlobalSection
EndGlobal
