
Microsoft Visual Studio Solution File, Format Version 12.00
# Visual Studio Version 17
VisualStudioVersion = 17.4.33122.133
MinimumVisualStudioVersion = 10.0.40219.1
Project("{FAE04EC0-301F-11D3-BF4B-00C04F79EFBC}") = "stuudy_9_for_foreach", "stuudy_9_for_foreach.csproj", "{BB9BACA0-A12F-49A4-8B9D-6D245372F519}"
EndProject
Global
	GlobalSection(SolutionConfigurationPlatforms) = preSolution
		Debug|Any CPU = Debug|Any CPU
		Release|Any CPU = Release|Any CPU
	EndGlobalSection
	GlobalSection(ProjectConfigurationPlatforms) = postSolution
		{BB9BACA0-A12F-49A4-8B9D-6D245372F519}.Debug|Any CPU.ActiveCfg = Debug|Any CPU
		{BB9BACA0-A12F-49A4-8B9D-6D245372F519}.Debug|Any CPU.Build.0 = Debug|Any CPU
		{BB9BACA0-A12F-49A4-8B9D-6D245372F519}.Release|Any CPU.ActiveCfg = Release|Any CPU
		{BB9BACA0-A12F-49A4-8B9D-6D245372F519}.Release|Any CPU.Build.0 = Release|Any CPU
	EndGlobalSection
	GlobalSection(SolutionProperties) = preSolution
		HideSolutionNode = FALSE
	EndGlobalSection
	GlobalSection(ExtensibilityGlobals) = postSolution
		SolutionGuid = {A324C8B3-5F76-44D3-A96F-79754C1225A6}
	EndGlobalSection
EndGlobal
