
Microsoft Visual Studio Solution File, Format Version 12.00
# Visual Studio Version 17
VisualStudioVersion = 17.4.33122.133
MinimumVisualStudioVersion = 10.0.40219.1
Project("{FAE04EC0-301F-11D3-BF4B-00C04F79EFBC}") = "study_11_Struct_Class", "study_11_Struct_Class.csproj", "{D36B7FDF-F9A9-4768-93F9-82EF553ED33B}"
EndProject
Global
	GlobalSection(SolutionConfigurationPlatforms) = preSolution
		Debug|Any CPU = Debug|Any CPU
		Release|Any CPU = Release|Any CPU
	EndGlobalSection
	GlobalSection(ProjectConfigurationPlatforms) = postSolution
		{D36B7FDF-F9A9-4768-93F9-82EF553ED33B}.Debug|Any CPU.ActiveCfg = Debug|Any CPU
		{D36B7FDF-F9A9-4768-93F9-82EF553ED33B}.Debug|Any CPU.Build.0 = Debug|Any CPU
		{D36B7FDF-F9A9-4768-93F9-82EF553ED33B}.Release|Any CPU.ActiveCfg = Release|Any CPU
		{D36B7FDF-F9A9-4768-93F9-82EF553ED33B}.Release|Any CPU.Build.0 = Release|Any CPU
	EndGlobalSection
	GlobalSection(SolutionProperties) = preSolution
		HideSolutionNode = FALSE
	EndGlobalSection
	GlobalSection(ExtensibilityGlobals) = postSolution
		SolutionGuid = {C4A4D6D3-1E82-430A-AEDD-C3FBB6BDFC51}
	EndGlobalSection
EndGlobal
